
Microsoft Visual Studio Solution File, Format Version 12.00
# Visual Studio Version 16
VisualStudioVersion = 16.0.29306.81
MinimumVisualStudioVersion = 10.0.40219.1
Project("{FAE04EC0-301F-11D3-BF4B-00C04F79EFBC}") = "HW3_CourseWork", "HW3_CourseWork\HW3_CourseWork.csproj", "{85868DFB-59C9-4390-BFE5-1F3736D055C5}"
EndProject
Global
	GlobalSection(SolutionConfigurationPlatforms) = preSolution
		Debug|Any CPU = Debug|Any CPU
		Release|Any CPU = Release|Any CPU
	EndGlobalSection
	GlobalSection(ProjectConfigurationPlatforms) = postSolution
		{85868DFB-59C9-4390-BFE5-1F3736D055C5}.Debug|Any CPU.ActiveCfg = Debug|Any CPU
		{85868DFB-59C9-4390-BFE5-1F3736D055C5}.Debug|Any CPU.Build.0 = Debug|Any CPU
		{85868DFB-59C9-4390-BFE5-1F3736D055C5}.Release|Any CPU.ActiveCfg = Release|Any CPU
		{85868DFB-59C9-4390-BFE5-1F3736D055C5}.Release|Any CPU.Build.0 = Release|Any CPU
	EndGlobalSection
	GlobalSection(SolutionProperties) = preSolution
		HideSolutionNode = FALSE
	EndGlobalSection
	GlobalSection(ExtensibilityGlobals) = postSolution
		SolutionGuid = {22EC9299-F223-4C3A-90DD-99F931E207FB}
	EndGlobalSection
EndGlobal
